
Microsoft Visual Studio Solution File, Format Version 12.00
# Visual Studio Version 16
VisualStudioVersion = 16.0.30523.141
MinimumVisualStudioVersion = 10.0.40219.1
Project("{FAE04EC0-301F-11D3-BF4B-00C04F79EFBC}") = "Test", "Test.csproj", "{CDCB717C-CEE0-40AE-938E-67BB95FED358}"
EndProject
Global
	GlobalSection(SolutionConfigurationPlatforms) = preSolution
		Debug|Any CPU = Debug|Any CPU
		Release|Any CPU = Release|Any CPU
	EndGlobalSection
	GlobalSection(ProjectConfigurationPlatforms) = postSolution
		{CDCB717C-CEE0-40AE-938E-67BB95FED358}.Debug|Any CPU.ActiveCfg = Debug|Any CPU
		{CDCB717C-CEE0-40AE-938E-67BB95FED358}.Debug|Any CPU.Build.0 = Debug|Any CPU
		{CDCB717C-CEE0-40AE-938E-67BB95FED358}.Release|Any CPU.ActiveCfg = Release|Any CPU
		{CDCB717C-CEE0-40AE-938E-67BB95FED358}.Release|Any CPU.Build.0 = Release|Any CPU
	EndGlobalSection
	GlobalSection(SolutionProperties) = preSolution
		HideSolutionNode = FALSE
	EndGlobalSection
	GlobalSection(ExtensibilityGlobals) = postSolution
		SolutionGuid = {EB4EF9D1-6330-451A-86EF-794E8106F71B}
	EndGlobalSection
EndGlobal
